
Microsoft Visual Studio Solution File, Format Version 12.00
# Visual Studio Version 16
VisualStudioVersion = 16.0.30611.23
MinimumVisualStudioVersion = 10.0.40219.1
Project("{9A19103F-16F7-4668-BE54-9A1E7A4F7556}") = "thanawat.sr", "my_code\thanawat.sr.csproj", "{59E44234-3605-4D4F-B5D4-D8543FCB834B}"
EndProject
Global
	GlobalSection(SolutionConfigurationPlatforms) = preSolution
		Debug|Any CPU = Debug|Any CPU
		Release|Any CPU = Release|Any CPU
	EndGlobalSection
	GlobalSection(ProjectConfigurationPlatforms) = postSolution
		{59E44234-3605-4D4F-B5D4-D8543FCB834B}.Debug|Any CPU.ActiveCfg = Debug|Any CPU
		{59E44234-3605-4D4F-B5D4-D8543FCB834B}.Debug|Any CPU.Build.0 = Debug|Any CPU
		{59E44234-3605-4D4F-B5D4-D8543FCB834B}.Release|Any CPU.ActiveCfg = Release|Any CPU
		{59E44234-3605-4D4F-B5D4-D8543FCB834B}.Release|Any CPU.Build.0 = Release|Any CPU
	EndGlobalSection
	GlobalSection(SolutionProperties) = preSolution
		HideSolutionNode = FALSE
	EndGlobalSection
	GlobalSection(ExtensibilityGlobals) = postSolution
		SolutionGuid = {24447606-D04D-4D73-A1D1-C5B63149F696}
	EndGlobalSection
EndGlobal
